
Microsoft Visual Studio Solution File, Format Version 12.00
# Visual Studio Version 17
VisualStudioVersion = 17.0.32014.148
MinimumVisualStudioVersion = 10.0.40219.1
Project("{FAE04EC0-301F-11D3-BF4B-00C04F79EFBC}") = "vector.net", "vector.net\vector.net.csproj", "{BBA45012-4746-45DF-AF46-B30A9225F447}"
EndProject
Global
	GlobalSection(SolutionConfigurationPlatforms) = preSolution
		Debug|Any CPU = Debug|Any CPU
		Release|Any CPU = Release|Any CPU
	EndGlobalSection
	GlobalSection(ProjectConfigurationPlatforms) = postSolution
		{BBA45012-4746-45DF-AF46-B30A9225F447}.Debug|Any CPU.ActiveCfg = Debug|Any CPU
		{BBA45012-4746-45DF-AF46-B30A9225F447}.Debug|Any CPU.Build.0 = Debug|Any CPU
		{BBA45012-4746-45DF-AF46-B30A9225F447}.Release|Any CPU.ActiveCfg = Release|Any CPU
		{BBA45012-4746-45DF-AF46-B30A9225F447}.Release|Any CPU.Build.0 = Release|Any CPU
	EndGlobalSection
	GlobalSection(SolutionProperties) = preSolution
		HideSolutionNode = FALSE
	EndGlobalSection
	GlobalSection(ExtensibilityGlobals) = postSolution
		SolutionGuid = {AC69456E-15CB-451B-A422-DAA67CF64D47}
	EndGlobalSection
EndGlobal
